
Microsoft Visual Studio Solution File, Format Version 10.00
# Visual C++ Express 2008
Project("{8BC9CEB8-8B4A-11D0-8D11-00A0C91BC942}") = "ff8mml", "src\ff8mml.vcproj", "{2B10AB07-7860-4DC1-A0DA-AE2C19E70712}"
EndProject
Project("{8BC9CEB8-8B4A-11D0-8D11-00A0C91BC942}") = "ff7mml", "src\ff7mml.vcproj", "{735427D1-7133-4820-9A0C-560894A32DA3}"
EndProject
Project("{8BC9CEB8-8B4A-11D0-8D11-00A0C91BC942}") = "ff4mml", "src\ff4mml.vcproj", "{5F436475-72BF-4834-93E4-5D8E879129F0}"
EndProject
Project("{8BC9CEB8-8B4A-11D0-8D11-00A0C91BC942}") = "ff5mml", "src\ff5mml.vcproj", "{841A02D8-C0B5-4F24-ABD9-832485B1AB63}"
EndProject
Project("{8BC9CEB8-8B4A-11D0-8D11-00A0C91BC942}") = "ff6mml", "src\ff6mml.vcproj", "{ABB3F99C-8F2E-4A6B-A0C7-B230C0F4087F}"
EndProject
Project("{8BC9CEB8-8B4A-11D0-8D11-00A0C91BC942}") = "rs1mml", "src\rs1mml.vcproj", "{7E8D0DD4-92FF-4B2D-9D0C-7B2501D904A4}"
EndProject
Project("{8BC9CEB8-8B4A-11D0-8D11-00A0C91BC942}") = "rs2mml", "src\rs2mml.vcproj", "{A8912619-8680-48E7-8140-45675B2B6558}"
EndProject
Project("{8BC9CEB8-8B4A-11D0-8D11-00A0C91BC942}") = "rs3mml", "src\rs3mml.vcproj", "{9541985C-6B67-436C-A679-2F4E5523AC0E}"
EndProject
Project("{8BC9CEB8-8B4A-11D0-8D11-00A0C91BC942}") = "sd2mml", "src\sd2mml.vcproj", "{5E22E7C8-6840-4D7F-9C8E-AB679FCCD64B}"
EndProject
Global
	GlobalSection(SolutionConfigurationPlatforms) = preSolution
		Debug|Win32 = Debug|Win32
		Release|Win32 = Release|Win32
	EndGlobalSection
	GlobalSection(ProjectConfigurationPlatforms) = postSolution
		{2B10AB07-7860-4DC1-A0DA-AE2C19E70712}.Debug|Win32.ActiveCfg = Debug|Win32
		{2B10AB07-7860-4DC1-A0DA-AE2C19E70712}.Debug|Win32.Build.0 = Debug|Win32
		{2B10AB07-7860-4DC1-A0DA-AE2C19E70712}.Release|Win32.ActiveCfg = Release|Win32
		{2B10AB07-7860-4DC1-A0DA-AE2C19E70712}.Release|Win32.Build.0 = Release|Win32
		{735427D1-7133-4820-9A0C-560894A32DA3}.Debug|Win32.ActiveCfg = Debug|Win32
		{735427D1-7133-4820-9A0C-560894A32DA3}.Debug|Win32.Build.0 = Debug|Win32
		{735427D1-7133-4820-9A0C-560894A32DA3}.Release|Win32.ActiveCfg = Release|Win32
		{735427D1-7133-4820-9A0C-560894A32DA3}.Release|Win32.Build.0 = Release|Win32
		{5F436475-72BF-4834-93E4-5D8E879129F0}.Debug|Win32.ActiveCfg = Debug|Win32
		{5F436475-72BF-4834-93E4-5D8E879129F0}.Debug|Win32.Build.0 = Debug|Win32
		{5F436475-72BF-4834-93E4-5D8E879129F0}.Release|Win32.ActiveCfg = Release|Win32
		{5F436475-72BF-4834-93E4-5D8E879129F0}.Release|Win32.Build.0 = Release|Win32
		{841A02D8-C0B5-4F24-ABD9-832485B1AB63}.Debug|Win32.ActiveCfg = Debug|Win32
		{841A02D8-C0B5-4F24-ABD9-832485B1AB63}.Debug|Win32.Build.0 = Debug|Win32
		{841A02D8-C0B5-4F24-ABD9-832485B1AB63}.Release|Win32.ActiveCfg = Release|Win32
		{841A02D8-C0B5-4F24-ABD9-832485B1AB63}.Release|Win32.Build.0 = Release|Win32
		{ABB3F99C-8F2E-4A6B-A0C7-B230C0F4087F}.Debug|Win32.ActiveCfg = Debug|Win32
		{ABB3F99C-8F2E-4A6B-A0C7-B230C0F4087F}.Debug|Win32.Build.0 = Debug|Win32
		{ABB3F99C-8F2E-4A6B-A0C7-B230C0F4087F}.Release|Win32.ActiveCfg = Release|Win32
		{ABB3F99C-8F2E-4A6B-A0C7-B230C0F4087F}.Release|Win32.Build.0 = Release|Win32
		{7E8D0DD4-92FF-4B2D-9D0C-7B2501D904A4}.Debug|Win32.ActiveCfg = Debug|Win32
		{7E8D0DD4-92FF-4B2D-9D0C-7B2501D904A4}.Debug|Win32.Build.0 = Debug|Win32
		{7E8D0DD4-92FF-4B2D-9D0C-7B2501D904A4}.Release|Win32.ActiveCfg = Release|Win32
		{7E8D0DD4-92FF-4B2D-9D0C-7B2501D904A4}.Release|Win32.Build.0 = Release|Win32
		{A8912619-8680-48E7-8140-45675B2B6558}.Debug|Win32.ActiveCfg = Debug|Win32
		{A8912619-8680-48E7-8140-45675B2B6558}.Debug|Win32.Build.0 = Debug|Win32
		{A8912619-8680-48E7-8140-45675B2B6558}.Release|Win32.ActiveCfg = Release|Win32
		{A8912619-8680-48E7-8140-45675B2B6558}.Release|Win32.Build.0 = Release|Win32
		{9541985C-6B67-436C-A679-2F4E5523AC0E}.Debug|Win32.ActiveCfg = Debug|Win32
		{9541985C-6B67-436C-A679-2F4E5523AC0E}.Debug|Win32.Build.0 = Debug|Win32
		{9541985C-6B67-436C-A679-2F4E5523AC0E}.Release|Win32.ActiveCfg = Release|Win32
		{9541985C-6B67-436C-A679-2F4E5523AC0E}.Release|Win32.Build.0 = Release|Win32
		{5E22E7C8-6840-4D7F-9C8E-AB679FCCD64B}.Debug|Win32.ActiveCfg = Debug|Win32
		{5E22E7C8-6840-4D7F-9C8E-AB679FCCD64B}.Debug|Win32.Build.0 = Debug|Win32
		{5E22E7C8-6840-4D7F-9C8E-AB679FCCD64B}.Release|Win32.ActiveCfg = Release|Win32
		{5E22E7C8-6840-4D7F-9C8E-AB679FCCD64B}.Release|Win32.Build.0 = Release|Win32
	EndGlobalSection
	GlobalSection(SolutionProperties) = preSolution
		HideSolutionNode = FALSE
	EndGlobalSection
EndGlobal
